
Microsoft Visual Studio Solution File, Format Version 12.00
Project("{FAE04EC0-301F-11D3-BF4B-00C04F79EFBC}") = "SolarWatchAPI", "SolarWatchAPI.csproj", "{5B45CE32-49F0-4FAB-9CBE-7F061DCC1F32}"
EndProject
Project("{FAE04EC0-301F-11D3-BF4B-00C04F79EFBC}") = "SolarWatchAPITest", "..\SolarWatchAPITest\SolarWatchAPITest\SolarWatchAPITest.csproj", "{BA4883FB-D1B1-4328-9186-98D28A777ABD}"
EndProject
Global
	GlobalSection(SolutionConfigurationPlatforms) = preSolution
		Debug|Any CPU = Debug|Any CPU
		Release|Any CPU = Release|Any CPU
	EndGlobalSection
	GlobalSection(ProjectConfigurationPlatforms) = postSolution
		{5B45CE32-49F0-4FAB-9CBE-7F061DCC1F32}.Debug|Any CPU.ActiveCfg = Debug|Any CPU
		{5B45CE32-49F0-4FAB-9CBE-7F061DCC1F32}.Debug|Any CPU.Build.0 = Debug|Any CPU
		{5B45CE32-49F0-4FAB-9CBE-7F061DCC1F32}.Release|Any CPU.ActiveCfg = Release|Any CPU
		{5B45CE32-49F0-4FAB-9CBE-7F061DCC1F32}.Release|Any CPU.Build.0 = Release|Any CPU
		{BA4883FB-D1B1-4328-9186-98D28A777ABD}.Debug|Any CPU.ActiveCfg = Debug|Any CPU
		{BA4883FB-D1B1-4328-9186-98D28A777ABD}.Debug|Any CPU.Build.0 = Debug|Any CPU
		{BA4883FB-D1B1-4328-9186-98D28A777ABD}.Release|Any CPU.ActiveCfg = Release|Any CPU
		{BA4883FB-D1B1-4328-9186-98D28A777ABD}.Release|Any CPU.Build.0 = Release|Any CPU
	EndGlobalSection
EndGlobal
